
Microsoft Visual Studio Solution File, Format Version 12.00
# Visual Studio Version 17
VisualStudioVersion = 17.8.34316.72
MinimumVisualStudioVersion = 10.0.40219.1
Project("{FAE04EC0-301F-11D3-BF4B-00C04F79EFBC}") = "StreamDeckWallpaper", "StreamDeckWallpaper.csproj", "{6ED3C84E-7853-4FAF-960D-E7DB5E2323B5}"
EndProject
Global
	GlobalSection(SolutionConfigurationPlatforms) = preSolution
		Debug|Any CPU = Debug|Any CPU
		Release|Any CPU = Release|Any CPU
	EndGlobalSection
	GlobalSection(ProjectConfigurationPlatforms) = postSolution
		{6ED3C84E-7853-4FAF-960D-E7DB5E2323B5}.Debug|Any CPU.ActiveCfg = Debug|Any CPU
		{6ED3C84E-7853-4FAF-960D-E7DB5E2323B5}.Debug|Any CPU.Build.0 = Debug|Any CPU
		{6ED3C84E-7853-4FAF-960D-E7DB5E2323B5}.Release|Any CPU.ActiveCfg = Release|Any CPU
		{6ED3C84E-7853-4FAF-960D-E7DB5E2323B5}.Release|Any CPU.Build.0 = Release|Any CPU
	EndGlobalSection
	GlobalSection(SolutionProperties) = preSolution
		HideSolutionNode = FALSE
	EndGlobalSection
	GlobalSection(ExtensibilityGlobals) = postSolution
		SolutionGuid = {CD191A0E-A246-4289-B174-45668028EDA2}
	EndGlobalSection
EndGlobal
